{
  "name": "houdini_webapp",
  "version": "1.0.0",
  "lockfileVersion": 3,
  "requires": true,
  "packages": {
    "": {
      "version": "1.0.0",
      "license": "MIT",
      "dependencies": {
        "@babylonjs/core": "^7.7.0",
        "@babylonjs/loaders": "^7.7.0",
        "@babylonjs/materials": "^7.7.0",
        "@phosphor-icons/web": "^2.1.1",
        "@popperjs/core": "^2.11.8",
        "bootstrap": "^5.3.3",
        "cytoscape": "^3.29.2",
        "cytoscape-dagre": "^2.5.0",
        "cytoscape-popper": "^4.0.0",
        "dagre": "^0.8.5",
        "socket.io-client": "^4.7.5",
        "tweakpane": "^4.0.3",
        "vite": "^5.2.11"
      },
      "devDependencies": {
        "prettier": "^3.2.5"
      }
    },
    "node_modules/@babylonjs/core": {
      "version": "7.7.0",
      "resolved": "https://registry.npmjs.org/@babylonjs/core/-/core-7.7.0.tgz",
      "integrity": "sha512-wSaECmExjtKIG3qov3W2PBxZJN2V2M8sVfJ4Se108+GIA3+Y+IHZl1R3A6oDc2ZUduMnxix+TigXpV2J7AQCgg=="
    },
    "node_modules/@babylonjs/loaders": {
      "version": "7.7.0",
      "resolved": "https://registry.npmjs.org/@babylonjs/loaders/-/loaders-7.7.0.tgz",
      "integrity": "sha512-zdMmNJ7TM0JZVMmRV/LCEEE+uZY8DBpBpSh5SHNp2/4lTMhQnmWuMzQCmT/XVVZL7uUhPp7JSt2KsVQDl3Udag==",
      "peerDependencies": {
        "@babylonjs/core": "^7.0.0",
        "babylonjs-gltf2interface": "^7.0.0"
      }
    },
    "node_modules/@babylonjs/materials": {
      "version": "7.7.0",
      "resolved": "https://registry.npmjs.org/@babylonjs/materials/-/materials-7.7.0.tgz",
      "integrity": "sha512-dyPPdo/CQ/YmIg+dHFSY8E98I+lwxVYj9UYtrlv0p7cxgDG4GZiWI95AF1MfzztIOhXVX9KDqhruV5UzvCiZrg==",
      "peerDependencies": {
        "@babylonjs/core": "^7.0.0"
      }
    },
    "node_modules/@esbuild/aix-ppc64": {
      "version": "0.20.2",
      "resolved": "https://registry.npmjs.org/@esbuild/aix-ppc64/-/aix-ppc64-0.20.2.tgz",
      "integrity": "sha512-D+EBOJHXdNZcLJRBkhENNG8Wji2kgc9AZ9KiPr1JuZjsNtyHzrsfLRrY0tk2H2aoFu6RANO1y1iPPUCDYWkb5g==",
      "cpu": [
        "ppc64"
      ],
      "optional": true,
      "os": [
        "aix"
      ],
      "engines": {
        "node": ">=12"
      }
    },
    "node_modules/@esbuild/android-arm": {
      "version": "0.20.2",
      "resolved": "https://registry.npmjs.org/@esbuild/android-arm/-/android-arm-0.20.2.tgz",
      "integrity": "sha512-t98Ra6pw2VaDhqNWO2Oph2LXbz/EJcnLmKLGBJwEwXX/JAN83Fym1rU8l0JUWK6HkIbWONCSSatf4sf2NBRx/w==",
      "cpu": [
        "arm"
      ],
      "optional": true,
      "os": [
        "android"
      ],
      "engines": {
        "node": ">=12"
      }
    },
    "node_modules/@esbuild/android-arm64": {
      "version": "0.20.2",
      "resolved": "https://registry.npmjs.org/@esbuild/android-arm64/-/android-arm64-0.20.2.tgz",
      "integrity": "sha512-mRzjLacRtl/tWU0SvD8lUEwb61yP9cqQo6noDZP/O8VkwafSYwZ4yWy24kan8jE/IMERpYncRt2dw438LP3Xmg==",
      "cpu": [
        "arm64"
      ],
      "optional": true,
      "os": [
        "android"
      ],
      "engines": {
        "node": ">=12"
      }
    },
    "node_modules/@esbuild/android-x64": {
      "version": "0.20.2",
      "resolved": "https://registry.npmjs.org/@esbuild/android-x64/-/android-x64-0.20.2.tgz",
      "integrity": "sha512-btzExgV+/lMGDDa194CcUQm53ncxzeBrWJcncOBxuC6ndBkKxnHdFJn86mCIgTELsooUmwUm9FkhSp5HYu00Rg==",
      "cpu": [
        "x64"
      ],
      "optional": true,
      "os": [
        "android"
      ],
      "engines": {
        "node": ">=12"
      }
    },
    "node_modules/@esbuild/darwin-arm64": {
      "version": "0.20.2",
      "resolved": "https://registry.npmjs.org/@esbuild/darwin-arm64/-/darwin-arm64-0.20.2.tgz",
      "integrity": "sha512-4J6IRT+10J3aJH3l1yzEg9y3wkTDgDk7TSDFX+wKFiWjqWp/iCfLIYzGyasx9l0SAFPT1HwSCR+0w/h1ES/MjA==",
      "cpu": [
        "arm64"
      ],
      "optional": true,
      "os": [
        "darwin"
      ],
      "engines": {
        "node": ">=12"
      }
    },
    "node_modules/@esbuild/darwin-x64": {
      "version": "0.20.2",
      "resolved": "https://registry.npmjs.org/@esbuild/darwin-x64/-/darwin-x64-0.20.2.tgz",
      "integrity": "sha512-tBcXp9KNphnNH0dfhv8KYkZhjc+H3XBkF5DKtswJblV7KlT9EI2+jeA8DgBjp908WEuYll6pF+UStUCfEpdysA==",
      "cpu": [
        "x64"
      ],
      "optional": true,
      "os": [
        "darwin"
      ],
      "engines": {
        "node": ">=12"
      }
    },
    "node_modules/@esbuild/freebsd-arm64": {
      "version": "0.20.2",
      "resolved": "https://registry.npmjs.org/@esbuild/freebsd-arm64/-/freebsd-arm64-0.20.2.tgz",
      "integrity": "sha512-d3qI41G4SuLiCGCFGUrKsSeTXyWG6yem1KcGZVS+3FYlYhtNoNgYrWcvkOoaqMhwXSMrZRl69ArHsGJ9mYdbbw==",
      "cpu": [
        "arm64"
      ],
      "optional": true,
      "os": [
        "freebsd"
      ],
      "engines": {
        "node": ">=12"
      }
    },
    "node_modules/@esbuild/freebsd-x64": {
      "version": "0.20.2",
      "resolved": "https://registry.npmjs.org/@esbuild/freebsd-x64/-/freebsd-x64-0.20.2.tgz",
      "integrity": "sha512-d+DipyvHRuqEeM5zDivKV1KuXn9WeRX6vqSqIDgwIfPQtwMP4jaDsQsDncjTDDsExT4lR/91OLjRo8bmC1e+Cw==",
      "cpu": [
        "x64"
      ],
      "optional": true,
      "os": [
        "freebsd"
      ],
      "engines": {
        "node": ">=12"
      }
    },
    "node_modules/@esbuild/linux-arm": {
      "version": "0.20.2",
      "resolved": "https://registry.npmjs.org/@esbuild/linux-arm/-/linux-arm-0.20.2.tgz",
      "integrity": "sha512-VhLPeR8HTMPccbuWWcEUD1Az68TqaTYyj6nfE4QByZIQEQVWBB8vup8PpR7y1QHL3CpcF6xd5WVBU/+SBEvGTg==",
      "cpu": [
        "arm"
      ],
      "optional": true,
      "os": [
        "linux"
      ],
      "engines": {
        "node": ">=12"
      }
    },
    "node_modules/@esbuild/linux-arm64": {
      "version": "0.20.2",
      "resolved": "https://registry.npmjs.org/@esbuild/linux-arm64/-/linux-arm64-0.20.2.tgz",
      "integrity": "sha512-9pb6rBjGvTFNira2FLIWqDk/uaf42sSyLE8j1rnUpuzsODBq7FvpwHYZxQ/It/8b+QOS1RYfqgGFNLRI+qlq2A==",
      "cpu": [
        "arm64"
      ],
      "optional": true,
      "os": [
        "linux"
      ],
      "engines": {
        "node": ">=12"
      }
    },
    "node_modules/@esbuild/linux-ia32": {
      "version": "0.20.2",
      "resolved": "https://registry.npmjs.org/@esbuild/linux-ia32/-/linux-ia32-0.20.2.tgz",
      "integrity": "sha512-o10utieEkNPFDZFQm9CoP7Tvb33UutoJqg3qKf1PWVeeJhJw0Q347PxMvBgVVFgouYLGIhFYG0UGdBumROyiig==",
      "cpu": [
        "ia32"
      ],
      "optional": true,
      "os": [
        "linux"
      ],
      "engines": {
        "node": ">=12"
      }
    },
    "node_modules/@esbuild/linux-loong64": {
      "version": "0.20.2",
      "resolved": "https://registry.npmjs.org/@esbuild/linux-loong64/-/linux-loong64-0.20.2.tgz",
      "integrity": "sha512-PR7sp6R/UC4CFVomVINKJ80pMFlfDfMQMYynX7t1tNTeivQ6XdX5r2XovMmha/VjR1YN/HgHWsVcTRIMkymrgQ==",
      "cpu": [
        "loong64"
      ],
      "optional": true,
      "os": [
        "linux"
      ],
      "engines": {
        "node": ">=12"
      }
    },
    "node_modules/@esbuild/linux-mips64el": {
      "version": "0.20.2",
      "resolved": "https://registry.npmjs.org/@esbuild/linux-mips64el/-/linux-mips64el-0.20.2.tgz",
      "integrity": "sha512-4BlTqeutE/KnOiTG5Y6Sb/Hw6hsBOZapOVF6njAESHInhlQAghVVZL1ZpIctBOoTFbQyGW+LsVYZ8lSSB3wkjA==",
      "cpu": [
        "mips64el"
      ],
      "optional": true,
      "os": [
        "linux"
      ],
      "engines": {
        "node": ">=12"
      }
    },
    "node_modules/@esbuild/linux-ppc64": {
      "version": "0.20.2",
      "resolved": "https://registry.npmjs.org/@esbuild/linux-ppc64/-/linux-ppc64-0.20.2.tgz",
      "integrity": "sha512-rD3KsaDprDcfajSKdn25ooz5J5/fWBylaaXkuotBDGnMnDP1Uv5DLAN/45qfnf3JDYyJv/ytGHQaziHUdyzaAg==",
      "cpu": [
        "ppc64"
      ],
      "optional": true,
      "os": [
        "linux"
      ],
      "engines": {
        "node": ">=12"
      }
    },
    "node_modules/@esbuild/linux-riscv64": {
      "version": "0.20.2",
      "resolved": "https://registry.npmjs.org/@esbuild/linux-riscv64/-/linux-riscv64-0.20.2.tgz",
      "integrity": "sha512-snwmBKacKmwTMmhLlz/3aH1Q9T8v45bKYGE3j26TsaOVtjIag4wLfWSiZykXzXuE1kbCE+zJRmwp+ZbIHinnVg==",
      "cpu": [
        "riscv64"
      ],
      "optional": true,
      "os": [
        "linux"
      ],
      "engines": {
        "node": ">=12"
      }
    },
    "node_modules/@esbuild/linux-s390x": {
      "version": "0.20.2",
      "resolved": "https://registry.npmjs.org/@esbuild/linux-s390x/-/linux-s390x-0.20.2.tgz",
      "integrity": "sha512-wcWISOobRWNm3cezm5HOZcYz1sKoHLd8VL1dl309DiixxVFoFe/o8HnwuIwn6sXre88Nwj+VwZUvJf4AFxkyrQ==",
      "cpu": [
        "s390x"
      ],
      "optional": true,
      "os": [
        "linux"
      ],
      "engines": {
        "node": ">=12"
      }
    },
    "node_modules/@esbuild/linux-x64": {
      "version": "0.20.2",
      "resolved": "https://registry.npmjs.org/@esbuild/linux-x64/-/linux-x64-0.20.2.tgz",
      "integrity": "sha512-1MdwI6OOTsfQfek8sLwgyjOXAu+wKhLEoaOLTjbijk6E2WONYpH9ZU2mNtR+lZ2B4uwr+usqGuVfFT9tMtGvGw==",
      "cpu": [
        "x64"
      ],
      "optional": true,
      "os": [
        "linux"
      ],
      "engines": {
        "node": ">=12"
      }
    },
    "node_modules/@esbuild/netbsd-x64": {
      "version": "0.20.2",
      "resolved": "https://registry.npmjs.org/@esbuild/netbsd-x64/-/netbsd-x64-0.20.2.tgz",
      "integrity": "sha512-K8/DhBxcVQkzYc43yJXDSyjlFeHQJBiowJ0uVL6Tor3jGQfSGHNNJcWxNbOI8v5k82prYqzPuwkzHt3J1T1iZQ==",
      "cpu": [
        "x64"
      ],
      "optional": true,
      "os": [
        "netbsd"
      ],
      "engines": {
        "node": ">=12"
      }
    },
    "node_modules/@esbuild/openbsd-x64": {
      "version": "0.20.2",
      "resolved": "https://registry.npmjs.org/@esbuild/openbsd-x64/-/openbsd-x64-0.20.2.tgz",
      "integrity": "sha512-eMpKlV0SThJmmJgiVyN9jTPJ2VBPquf6Kt/nAoo6DgHAoN57K15ZghiHaMvqjCye/uU4X5u3YSMgVBI1h3vKrQ==",
      "cpu": [
        "x64"
      ],
      "optional": true,
      "os": [
        "openbsd"
      ],
      "engines": {
        "node": ">=12"
      }
    },
    "node_modules/@esbuild/sunos-x64": {
      "version": "0.20.2",
      "resolved": "https://registry.npmjs.org/@esbuild/sunos-x64/-/sunos-x64-0.20.2.tgz",
      "integrity": "sha512-2UyFtRC6cXLyejf/YEld4Hajo7UHILetzE1vsRcGL3earZEW77JxrFjH4Ez2qaTiEfMgAXxfAZCm1fvM/G/o8w==",
      "cpu": [
        "x64"
      ],
      "optional": true,
      "os": [
        "sunos"
      ],
      "engines": {
        "node": ">=12"
      }
    },
    "node_modules/@esbuild/win32-arm64": {
      "version": "0.20.2",
      "resolved": "https://registry.npmjs.org/@esbuild/win32-arm64/-/win32-arm64-0.20.2.tgz",
      "integrity": "sha512-GRibxoawM9ZCnDxnP3usoUDO9vUkpAxIIZ6GQI+IlVmr5kP3zUq+l17xELTHMWTWzjxa2guPNyrpq1GWmPvcGQ==",
      "cpu": [
        "arm64"
      ],
      "optional": true,
      "os": [
        "win32"
      ],
      "engines": {
        "node": ">=12"
      }
    },
    "node_modules/@esbuild/win32-ia32": {
      "version": "0.20.2",
      "resolved": "https://registry.npmjs.org/@esbuild/win32-ia32/-/win32-ia32-0.20.2.tgz",
      "integrity": "sha512-HfLOfn9YWmkSKRQqovpnITazdtquEW8/SoHW7pWpuEeguaZI4QnCRW6b+oZTztdBnZOS2hqJ6im/D5cPzBTTlQ==",
      "cpu": [
        "ia32"
      ],
      "optional": true,
      "os": [
        "win32"
      ],
      "engines": {
        "node": ">=12"
      }
    },
    "node_modules/@esbuild/win32-x64": {
      "version": "0.20.2",
      "resolved": "https://registry.npmjs.org/@esbuild/win32-x64/-/win32-x64-0.20.2.tgz",
      "integrity": "sha512-N49X4lJX27+l9jbLKSqZ6bKNjzQvHaT8IIFUy+YIqmXQdjYCToGWwOItDrfby14c78aDd5NHQl29xingXfCdLQ==",
      "cpu": [
        "x64"
      ],
      "optional": true,
      "os": [
        "win32"
      ],
      "engines": {
        "node": ">=12"
      }
    },
    "node_modules/@phosphor-icons/web": {
      "version": "2.1.1",
      "resolved": "https://registry.npmjs.org/@phosphor-icons/web/-/web-2.1.1.tgz",
      "integrity": "sha512-QjrfbItu5Rb2i37GzsKxmrRHfZPTVk3oXSPBnQ2+oACDbQRWGAeB0AsvZw263n1nFouQuff+khOCtRbrc6+k+A=="
    },
    "node_modules/@popperjs/core": {
      "version": "2.11.8",
      "resolved": "https://registry.npmjs.org/@popperjs/core/-/core-2.11.8.tgz",
      "integrity": "sha512-P1st0aksCrn9sGZhp8GMYwBnQsbvAWsZAX44oXNNvLHGqAOcoVxmjZiohstwQ7SqKnbR47akdNi+uleWD8+g6A==",
      "funding": {
        "type": "opencollective",
        "url": "https://opencollective.com/popperjs"
      }
    },
    "node_modules/@rollup/rollup-android-arm-eabi": {
      "version": "4.17.2",
      "resolved": "https://registry.npmjs.org/@rollup/rollup-android-arm-eabi/-/rollup-android-arm-eabi-4.17.2.tgz",
      "integrity": "sha512-NM0jFxY8bB8QLkoKxIQeObCaDlJKewVlIEkuyYKm5An1tdVZ966w2+MPQ2l8LBZLjR+SgyV+nRkTIunzOYBMLQ==",
      "cpu": [
        "arm"
      ],
      "optional": true,
      "os": [
        "android"
      ]
    },
    "node_modules/@rollup/rollup-android-arm64": {
      "version": "4.17.2",
      "resolved": "https://registry.npmjs.org/@rollup/rollup-android-arm64/-/rollup-android-arm64-4.17.2.tgz",
      "integrity": "sha512-yeX/Usk7daNIVwkq2uGoq2BYJKZY1JfyLTaHO/jaiSwi/lsf8fTFoQW/n6IdAsx5tx+iotu2zCJwz8MxI6D/Bw==",
      "cpu": [
        "arm64"
      ],
      "optional": true,
      "os": [
        "android"
      ]
    },
    "node_modules/@rollup/rollup-darwin-arm64": {
      "version": "4.17.2",
      "resolved": "https://registry.npmjs.org/@rollup/rollup-darwin-arm64/-/rollup-darwin-arm64-4.17.2.tgz",
      "integrity": "sha512-kcMLpE6uCwls023+kknm71ug7MZOrtXo+y5p/tsg6jltpDtgQY1Eq5sGfHcQfb+lfuKwhBmEURDga9N0ol4YPw==",
      "cpu": [
        "arm64"
      ],
      "optional": true,
      "os": [
        "darwin"
      ]
    },
    "node_modules/@rollup/rollup-darwin-x64": {
      "version": "4.17.2",
      "resolved": "https://registry.npmjs.org/@rollup/rollup-darwin-x64/-/rollup-darwin-x64-4.17.2.tgz",
      "integrity": "sha512-AtKwD0VEx0zWkL0ZjixEkp5tbNLzX+FCqGG1SvOu993HnSz4qDI6S4kGzubrEJAljpVkhRSlg5bzpV//E6ysTQ==",
      "cpu": [
        "x64"
      ],
      "optional": true,
      "os": [
        "darwin"
      ]
    },
    "node_modules/@rollup/rollup-linux-arm-gnueabihf": {
      "version": "4.17.2",
      "resolved": "https://registry.npmjs.org/@rollup/rollup-linux-arm-gnueabihf/-/rollup-linux-arm-gnueabihf-4.17.2.tgz",
      "integrity": "sha512-3reX2fUHqN7sffBNqmEyMQVj/CKhIHZd4y631duy0hZqI8Qoqf6lTtmAKvJFYa6bhU95B1D0WgzHkmTg33In0A==",
      "cpu": [
        "arm"
      ],
      "optional": true,
      "os": [
        "linux"
      ]
    },
    "node_modules/@rollup/rollup-linux-arm-musleabihf": {
      "version": "4.17.2",
      "resolved": "https://registry.npmjs.org/@rollup/rollup-linux-arm-musleabihf/-/rollup-linux-arm-musleabihf-4.17.2.tgz",
      "integrity": "sha512-uSqpsp91mheRgw96xtyAGP9FW5ChctTFEoXP0r5FAzj/3ZRv3Uxjtc7taRQSaQM/q85KEKjKsZuiZM3GyUivRg==",
      "cpu": [
        "arm"
      ],
      "optional": true,
      "os": [
        "linux"
      ]
    },
    "node_modules/@rollup/rollup-linux-arm64-gnu": {
      "version": "4.17.2",
      "resolved": "https://registry.npmjs.org/@rollup/rollup-linux-arm64-gnu/-/rollup-linux-arm64-gnu-4.17.2.tgz",
      "integrity": "sha512-EMMPHkiCRtE8Wdk3Qhtciq6BndLtstqZIroHiiGzB3C5LDJmIZcSzVtLRbwuXuUft1Cnv+9fxuDtDxz3k3EW2A==",
      "cpu": [
        "arm64"
      ],
      "optional": true,
      "os": [
        "linux"
      ]
    },
    "node_modules/@rollup/rollup-linux-arm64-musl": {
      "version": "4.17.2",
      "resolved": "https://registry.npmjs.org/@rollup/rollup-linux-arm64-musl/-/rollup-linux-arm64-musl-4.17.2.tgz",
      "integrity": "sha512-NMPylUUZ1i0z/xJUIx6VUhISZDRT+uTWpBcjdv0/zkp7b/bQDF+NfnfdzuTiB1G6HTodgoFa93hp0O1xl+/UbA==",
      "cpu": [
        "arm64"
      ],
      "optional": true,
      "os": [
        "linux"
      ]
    },
    "node_modules/@rollup/rollup-linux-powerpc64le-gnu": {
      "version": "4.17.2",
      "resolved": "https://registry.npmjs.org/@rollup/rollup-linux-powerpc64le-gnu/-/rollup-linux-powerpc64le-gnu-4.17.2.tgz",
      "integrity": "sha512-T19My13y8uYXPw/L/k0JYaX1fJKFT/PWdXiHr8mTbXWxjVF1t+8Xl31DgBBvEKclw+1b00Chg0hxE2O7bTG7GQ==",
      "cpu": [
        "ppc64"
      ],
      "optional": true,
      "os": [
        "linux"
      ]
    },
    "node_modules/@rollup/rollup-linux-riscv64-gnu": {
      "version": "4.17.2",
      "resolved": "https://registry.npmjs.org/@rollup/rollup-linux-riscv64-gnu/-/rollup-linux-riscv64-gnu-4.17.2.tgz",
      "integrity": "sha512-BOaNfthf3X3fOWAB+IJ9kxTgPmMqPPH5f5k2DcCsRrBIbWnaJCgX2ll77dV1TdSy9SaXTR5iDXRL8n7AnoP5cg==",
      "cpu": [
        "riscv64"
      ],
      "optional": true,
      "os": [
        "linux"
      ]
    },
    "node_modules/@rollup/rollup-linux-s390x-gnu": {
      "version": "4.17.2",
      "resolved": "https://registry.npmjs.org/@rollup/rollup-linux-s390x-gnu/-/rollup-linux-s390x-gnu-4.17.2.tgz",
      "integrity": "sha512-W0UP/x7bnn3xN2eYMql2T/+wpASLE5SjObXILTMPUBDB/Fg/FxC+gX4nvCfPBCbNhz51C+HcqQp2qQ4u25ok6g==",
      "cpu": [
        "s390x"
      ],
      "optional": true,
      "os": [
        "linux"
      ]
    },
    "node_modules/@rollup/rollup-linux-x64-gnu": {
      "version": "4.17.2",
      "resolved": "https://registry.npmjs.org/@rollup/rollup-linux-x64-gnu/-/rollup-linux-x64-gnu-4.17.2.tgz",
      "integrity": "sha512-Hy7pLwByUOuyaFC6mAr7m+oMC+V7qyifzs/nW2OJfC8H4hbCzOX07Ov0VFk/zP3kBsELWNFi7rJtgbKYsav9QQ==",
      "cpu": [
        "x64"
      ],
      "optional": true,
      "os": [
        "linux"
      ]
    },
    "node_modules/@rollup/rollup-linux-x64-musl": {
      "version": "4.17.2",
      "resolved": "https://registry.npmjs.org/@rollup/rollup-linux-x64-musl/-/rollup-linux-x64-musl-4.17.2.tgz",
      "integrity": "sha512-h1+yTWeYbRdAyJ/jMiVw0l6fOOm/0D1vNLui9iPuqgRGnXA0u21gAqOyB5iHjlM9MMfNOm9RHCQ7zLIzT0x11Q==",
      "cpu": [
        "x64"
      ],
      "optional": true,
      "os": [
        "linux"
      ]
    },
    "node_modules/@rollup/rollup-win32-arm64-msvc": {
      "version": "4.17.2",
      "resolved": "https://registry.npmjs.org/@rollup/rollup-win32-arm64-msvc/-/rollup-win32-arm64-msvc-4.17.2.tgz",
      "integrity": "sha512-tmdtXMfKAjy5+IQsVtDiCfqbynAQE/TQRpWdVataHmhMb9DCoJxp9vLcCBjEQWMiUYxO1QprH/HbY9ragCEFLA==",
      "cpu": [
        "arm64"
      ],
      "optional": true,
      "os": [
        "win32"
      ]
    },
    "node_modules/@rollup/rollup-win32-ia32-msvc": {
      "version": "4.17.2",
      "resolved": "https://registry.npmjs.org/@rollup/rollup-win32-ia32-msvc/-/rollup-win32-ia32-msvc-4.17.2.tgz",
      "integrity": "sha512-7II/QCSTAHuE5vdZaQEwJq2ZACkBpQDOmQsE6D6XUbnBHW8IAhm4eTufL6msLJorzrHDFv3CF8oCA/hSIRuZeQ==",
      "cpu": [
        "ia32"
      ],
      "optional": true,
      "os": [
        "win32"
      ]
    },
    "node_modules/@rollup/rollup-win32-x64-msvc": {
      "version": "4.17.2",
      "resolved": "https://registry.npmjs.org/@rollup/rollup-win32-x64-msvc/-/rollup-win32-x64-msvc-4.17.2.tgz",
      "integrity": "sha512-TGGO7v7qOq4CYmSBVEYpI1Y5xDuCEnbVC5Vth8mOsW0gDSzxNrVERPc790IGHsrT2dQSimgMr9Ub3Y1Jci5/8w==",
      "cpu": [
        "x64"
      ],
      "optional": true,
      "os": [
        "win32"
      ]
    },
    "node_modules/@socket.io/component-emitter": {
      "version": "3.1.2",
      "resolved": "https://registry.npmjs.org/@socket.io/component-emitter/-/component-emitter-3.1.2.tgz",
      "integrity": "sha512-9BCxFwvbGg/RsZK9tjXd8s4UcwR0MWeFQ1XEKIQVVvAGJyINdrqKMcTRyLoK8Rse1GjzLV9cwjWV1olXRWEXVA=="
    },
    "node_modules/@types/estree": {
      "version": "1.0.5",
      "resolved": "https://registry.npmjs.org/@types/estree/-/estree-1.0.5.tgz",
      "integrity": "sha512-/kYRxGDLWzHOB7q+wtSUQlFrtcdUccpfy+X+9iMBpHK8QLLhx2wIPYuS5DYtR9Wa/YlZAbIovy7qVdB1Aq6Lyw=="
    },
    "node_modules/babylonjs-gltf2interface": {
      "version": "7.7.0",
      "resolved": "https://registry.npmjs.org/babylonjs-gltf2interface/-/babylonjs-gltf2interface-7.7.0.tgz",
      "integrity": "sha512-+bRMGLznjVhz84l+xACZQRjj3vKQrx2klIAhlQEA1p23BYAoxOR4XJs2SEK/alqy1VVTnVfauInHofqDs9DKqw==",
      "peer": true
    },
    "node_modules/bootstrap": {
      "version": "5.3.3",
      "resolved": "https://registry.npmjs.org/bootstrap/-/bootstrap-5.3.3.tgz",
      "integrity": "sha512-8HLCdWgyoMguSO9o+aH+iuZ+aht+mzW0u3HIMzVu7Srrpv7EBBxTnrFlSCskwdY1+EOFQSm7uMJhNQHkdPcmjg==",
      "funding": [
        {
          "type": "github",
          "url": "https://github.com/sponsors/twbs"
        },
        {
          "type": "opencollective",
          "url": "https://opencollective.com/bootstrap"
        }
      ],
      "peerDependencies": {
        "@popperjs/core": "^2.11.8"
      }
    },
    "node_modules/cytoscape": {
      "version": "3.29.2",
      "resolved": "https://registry.npmjs.org/cytoscape/-/cytoscape-3.29.2.tgz",
      "integrity": "sha512-2G1ycU28Nh7OHT9rkXRLpCDP30MKH1dXJORZuBhtEhEW7pKwgPi77ImqlCWinouyE1PNepIOGZBOrE84DG7LyQ==",
      "engines": {
        "node": ">=0.10"
      }
    },
    "node_modules/cytoscape-dagre": {
      "version": "2.5.0",
      "resolved": "https://registry.npmjs.org/cytoscape-dagre/-/cytoscape-dagre-2.5.0.tgz",
      "integrity": "sha512-VG2Knemmshop4kh5fpLO27rYcyUaaDkRw+6PiX4bstpB+QFt0p2oauMrsjVbUamGWQ6YNavh7x2em2uZlzV44g==",
      "dependencies": {
        "dagre": "^0.8.5"
      },
      "peerDependencies": {
        "cytoscape": "^3.2.22"
      }
    },
    "node_modules/cytoscape-popper": {
      "version": "4.0.0",
      "resolved": "https://registry.npmjs.org/cytoscape-popper/-/cytoscape-popper-4.0.0.tgz",
      "integrity": "sha512-M4q2YeIhZvRDslMLzVuGZKb6HAU3O6M51NAaRc0hr3KubQabiK2c9dEGwfVIBPcDnxr9u/oFAMhAU7DEf2EHaA==",
      "peerDependencies": {
        "cytoscape": "^3.2.0"
      }
    },
    "node_modules/dagre": {
      "version": "0.8.5",
      "resolved": "https://registry.npmjs.org/dagre/-/dagre-0.8.5.tgz",
      "integrity": "sha512-/aTqmnRta7x7MCCpExk7HQL2O4owCT2h8NT//9I1OQ9vt29Pa0BzSAkR5lwFUcQ7491yVi/3CXU9jQ5o0Mn2Sw==",
      "dependencies": {
        "graphlib": "^2.1.8",
        "lodash": "^4.17.15"
      }
    },
    "node_modules/debug": {
      "version": "4.3.4",
      "resolved": "https://registry.npmjs.org/debug/-/debug-4.3.4.tgz",
      "integrity": "sha512-PRWFHuSU3eDtQJPvnNY7Jcket1j0t5OuOsFzPPzsekD52Zl8qUfFIPEiswXqIvHWGVHOgX+7G/vCNNhehwxfkQ==",
      "dependencies": {
        "ms": "2.1.2"
      },
      "engines": {
        "node": ">=6.0"
      },
      "peerDependenciesMeta": {
        "supports-color": {
          "optional": true
        }
      }
    },
    "node_modules/engine.io-client": {
      "version": "6.5.3",
      "resolved": "https://registry.npmjs.org/engine.io-client/-/engine.io-client-6.5.3.tgz",
      "integrity": "sha512-9Z0qLB0NIisTRt1DZ/8U2k12RJn8yls/nXMZLn+/N8hANT3TcYjKFKcwbw5zFQiN4NTde3TSY9zb79e1ij6j9Q==",
      "dependencies": {
        "@socket.io/component-emitter": "~3.1.0",
        "debug": "~4.3.1",
        "engine.io-parser": "~5.2.1",
        "ws": "~8.11.0",
        "xmlhttprequest-ssl": "~2.0.0"
      }
    },
    "node_modules/engine.io-parser": {
      "version": "5.2.2",
      "resolved": "https://registry.npmjs.org/engine.io-parser/-/engine.io-parser-5.2.2.tgz",
      "integrity": "sha512-RcyUFKA93/CXH20l4SoVvzZfrSDMOTUS3bWVpTt2FuFP+XYrL8i8oonHP7WInRyVHXh0n/ORtoeiE1os+8qkSw==",
      "engines": {
        "node": ">=10.0.0"
      }
    },
    "node_modules/esbuild": {
      "version": "0.20.2",
      "resolved": "https://registry.npmjs.org/esbuild/-/esbuild-0.20.2.tgz",
      "integrity": "sha512-WdOOppmUNU+IbZ0PaDiTst80zjnrOkyJNHoKupIcVyU8Lvla3Ugx94VzkQ32Ijqd7UhHJy75gNWDMUekcrSJ6g==",
      "hasInstallScript": true,
      "bin": {
        "esbuild": "bin/esbuild"
      },
      "engines": {
        "node": ">=12"
      },
      "optionalDependencies": {
        "@esbuild/aix-ppc64": "0.20.2",
        "@esbuild/android-arm": "0.20.2",
        "@esbuild/android-arm64": "0.20.2",
        "@esbuild/android-x64": "0.20.2",
        "@esbuild/darwin-arm64": "0.20.2",
        "@esbuild/darwin-x64": "0.20.2",
        "@esbuild/freebsd-arm64": "0.20.2",
        "@esbuild/freebsd-x64": "0.20.2",
        "@esbuild/linux-arm": "0.20.2",
        "@esbuild/linux-arm64": "0.20.2",
        "@esbuild/linux-ia32": "0.20.2",
        "@esbuild/linux-loong64": "0.20.2",
        "@esbuild/linux-mips64el": "0.20.2",
        "@esbuild/linux-ppc64": "0.20.2",
        "@esbuild/linux-riscv64": "0.20.2",
        "@esbuild/linux-s390x": "0.20.2",
        "@esbuild/linux-x64": "0.20.2",
        "@esbuild/netbsd-x64": "0.20.2",
        "@esbuild/openbsd-x64": "0.20.2",
        "@esbuild/sunos-x64": "0.20.2",
        "@esbuild/win32-arm64": "0.20.2",
        "@esbuild/win32-ia32": "0.20.2",
        "@esbuild/win32-x64": "0.20.2"
      }
    },
    "node_modules/fsevents": {
      "version": "2.3.3",
      "resolved": "https://registry.npmjs.org/fsevents/-/fsevents-2.3.3.tgz",
      "integrity": "sha512-5xoDfX+fL7faATnagmWPpbFtwh/R77WmMMqqHGS65C3vvB0YHrgF+B1YmZ3441tMj5n63k0212XNoJwzlhffQw==",
      "hasInstallScript": true,
      "optional": true,
      "os": [
        "darwin"
      ],
      "engines": {
        "node": "^8.16.0 || ^10.6.0 || >=11.0.0"
      }
    },
    "node_modules/graphlib": {
      "version": "2.1.8",
      "resolved": "https://registry.npmjs.org/graphlib/-/graphlib-2.1.8.tgz",
      "integrity": "sha512-jcLLfkpoVGmH7/InMC/1hIvOPSUh38oJtGhvrOFGzioE1DZ+0YW16RgmOJhHiuWTvGiJQ9Z1Ik43JvkRPRvE+A==",
      "dependencies": {
        "lodash": "^4.17.15"
      }
    },
    "node_modules/lodash": {
      "version": "4.17.21",
      "resolved": "https://registry.npmjs.org/lodash/-/lodash-4.17.21.tgz",
      "integrity": "sha512-v2kDEe57lecTulaDIuNTPy3Ry4gLGJ6Z1O3vE1krgXZNrsQ+LFTGHVxVjcXPs17LhbZVGedAJv8XZ1tvj5FvSg=="
    },
    "node_modules/ms": {
      "version": "2.1.2",
      "resolved": "https://registry.npmjs.org/ms/-/ms-2.1.2.tgz",
      "integrity": "sha512-sGkPx+VjMtmA6MX27oA4FBFELFCZZ4S4XqeGOXCv68tT+jb3vk/RyaKWP0PTKyWtmLSM0b+adUTEvbs1PEaH2w=="
    },
    "node_modules/nanoid": {
      "version": "3.3.7",
      "resolved": "https://registry.npmjs.org/nanoid/-/nanoid-3.3.7.tgz",
      "integrity": "sha512-eSRppjcPIatRIMC1U6UngP8XFcz8MQWGQdt1MTBQ7NaAmvXDfvNxbvWV3x2y6CdEUciCSsDHDQZbhYaB8QEo2g==",
      "funding": [
        {
          "type": "github",
          "url": "https://github.com/sponsors/ai"
        }
      ],
      "bin": {
        "nanoid": "bin/nanoid.cjs"
      },
      "engines": {
        "node": "^10 || ^12 || ^13.7 || ^14 || >=15.0.1"
      }
    },
    "node_modules/picocolors": {
      "version": "1.0.1",
      "resolved": "https://registry.npmjs.org/picocolors/-/picocolors-1.0.1.tgz",
      "integrity": "sha512-anP1Z8qwhkbmu7MFP5iTt+wQKXgwzf7zTyGlcdzabySa9vd0Xt392U0rVmz9poOaBj0uHJKyyo9/upk0HrEQew=="
    },
    "node_modules/postcss": {
      "version": "8.4.38",
      "resolved": "https://registry.npmjs.org/postcss/-/postcss-8.4.38.tgz",
      "integrity": "sha512-Wglpdk03BSfXkHoQa3b/oulrotAkwrlLDRSOb9D0bN86FdRyE9lppSp33aHNPgBa0JKCoB+drFLZkQoRRYae5A==",
      "funding": [
        {
          "type": "opencollective",
          "url": "https://opencollective.com/postcss/"
        },
        {
          "type": "tidelift",
          "url": "https://tidelift.com/funding/github/npm/postcss"
        },
        {
          "type": "github",
          "url": "https://github.com/sponsors/ai"
        }
      ],
      "dependencies": {
        "nanoid": "^3.3.7",
        "picocolors": "^1.0.0",
        "source-map-js": "^1.2.0"
      },
      "engines": {
        "node": "^10 || ^12 || >=14"
      }
    },
    "node_modules/prettier": {
      "version": "3.2.5",
      "resolved": "https://registry.npmjs.org/prettier/-/prettier-3.2.5.tgz",
      "integrity": "sha512-3/GWa9aOC0YeD7LUfvOG2NiDyhOWRvt1k+rcKhOuYnMY24iiCphgneUfJDyFXd6rZCAnuLBv6UeAULtrhT/F4A==",
      "dev": true,
      "bin": {
        "prettier": "bin/prettier.cjs"
      },
      "engines": {
        "node": ">=14"
      },
      "funding": {
        "url": "https://github.com/prettier/prettier?sponsor=1"
      }
    },
    "node_modules/rollup": {
      "version": "4.17.2",
      "resolved": "https://registry.npmjs.org/rollup/-/rollup-4.17.2.tgz",
      "integrity": "sha512-/9ClTJPByC0U4zNLowV1tMBe8yMEAxewtR3cUNX5BoEpGH3dQEWpJLr6CLp0fPdYRF/fzVOgvDb1zXuakwF5kQ==",
      "dependencies": {
        "@types/estree": "1.0.5"
      },
      "bin": {
        "rollup": "dist/bin/rollup"
      },
      "engines": {
        "node": ">=18.0.0",
        "npm": ">=8.0.0"
      },
      "optionalDependencies": {
        "@rollup/rollup-android-arm-eabi": "4.17.2",
        "@rollup/rollup-android-arm64": "4.17.2",
        "@rollup/rollup-darwin-arm64": "4.17.2",
        "@rollup/rollup-darwin-x64": "4.17.2",
        "@rollup/rollup-linux-arm-gnueabihf": "4.17.2",
        "@rollup/rollup-linux-arm-musleabihf": "4.17.2",
        "@rollup/rollup-linux-arm64-gnu": "4.17.2",
        "@rollup/rollup-linux-arm64-musl": "4.17.2",
        "@rollup/rollup-linux-powerpc64le-gnu": "4.17.2",
        "@rollup/rollup-linux-riscv64-gnu": "4.17.2",
        "@rollup/rollup-linux-s390x-gnu": "4.17.2",
        "@rollup/rollup-linux-x64-gnu": "4.17.2",
        "@rollup/rollup-linux-x64-musl": "4.17.2",
        "@rollup/rollup-win32-arm64-msvc": "4.17.2",
        "@rollup/rollup-win32-ia32-msvc": "4.17.2",
        "@rollup/rollup-win32-x64-msvc": "4.17.2",
        "fsevents": "~2.3.2"
      }
    },
    "node_modules/socket.io-client": {
      "version": "4.7.5",
      "resolved": "https://registry.npmjs.org/socket.io-client/-/socket.io-client-4.7.5.tgz",
      "integrity": "sha512-sJ/tqHOCe7Z50JCBCXrsY3I2k03iOiUe+tj1OmKeD2lXPiGH/RUCdTZFoqVyN7l1MnpIzPrGtLcijffmeouNlQ==",
      "dependencies": {
        "@socket.io/component-emitter": "~3.1.0",
        "debug": "~4.3.2",
        "engine.io-client": "~6.5.2",
        "socket.io-parser": "~4.2.4"
      },
      "engines": {
        "node": ">=10.0.0"
      }
    },
    "node_modules/socket.io-parser": {
      "version": "4.2.4",
      "resolved": "https://registry.npmjs.org/socket.io-parser/-/socket.io-parser-4.2.4.tgz",
      "integrity": "sha512-/GbIKmo8ioc+NIWIhwdecY0ge+qVBSMdgxGygevmdHj24bsfgtCmcUUcQ5ZzcylGFHsN3k4HB4Cgkl96KVnuew==",
      "dependencies": {
        "@socket.io/component-emitter": "~3.1.0",
        "debug": "~4.3.1"
      },
      "engines": {
        "node": ">=10.0.0"
      }
    },
    "node_modules/source-map-js": {
      "version": "1.2.0",
      "resolved": "https://registry.npmjs.org/source-map-js/-/source-map-js-1.2.0.tgz",
      "integrity": "sha512-itJW8lvSA0TXEphiRoawsCksnlf8SyvmFzIhltqAHluXd88pkCd+cXJVHTDwdCr0IzwptSm035IHQktUu1QUMg==",
      "engines": {
        "node": ">=0.10.0"
      }
    },
    "node_modules/tweakpane": {
      "version": "4.0.3",
      "resolved": "https://registry.npmjs.org/tweakpane/-/tweakpane-4.0.3.tgz",
      "integrity": "sha512-BlcWOAe8oe4c+k9pmLBARGdWB6MVZMszayekkixQXTgkxTaYoTUpHpwVEp+3HkoamZkomodpbBf0CkguIHTgLg==",
      "funding": {
        "url": "https://github.com/sponsors/cocopon"
      }
    },
    "node_modules/vite": {
      "version": "5.2.11",
      "resolved": "https://registry.npmjs.org/vite/-/vite-5.2.11.tgz",
      "integrity": "sha512-HndV31LWW05i1BLPMUCE1B9E9GFbOu1MbenhS58FuK6owSO5qHm7GiCotrNY1YE5rMeQSFBGmT5ZaLEjFizgiQ==",
      "dependencies": {
        "esbuild": "^0.20.1",
        "postcss": "^8.4.38",
        "rollup": "^4.13.0"
      },
      "bin": {
        "vite": "bin/vite.js"
      },
      "engines": {
        "node": "^18.0.0 || >=20.0.0"
      },
      "funding": {
        "url": "https://github.com/vitejs/vite?sponsor=1"
      },
      "optionalDependencies": {
        "fsevents": "~2.3.3"
      },
      "peerDependencies": {
        "@types/node": "^18.0.0 || >=20.0.0",
        "less": "*",
        "lightningcss": "^1.21.0",
        "sass": "*",
        "stylus": "*",
        "sugarss": "*",
        "terser": "^5.4.0"
      },
      "peerDependenciesMeta": {
        "@types/node": {
          "optional": true
        },
        "less": {
          "optional": true
        },
        "lightningcss": {
          "optional": true
        },
        "sass": {
          "optional": true
        },
        "stylus": {
          "optional": true
        },
        "sugarss": {
          "optional": true
        },
        "terser": {
          "optional": true
        }
      }
    },
    "node_modules/ws": {
      "version": "8.11.0",
      "resolved": "https://registry.npmjs.org/ws/-/ws-8.11.0.tgz",
      "integrity": "sha512-HPG3wQd9sNQoT9xHyNCXoDUa+Xw/VevmY9FoHyQ+g+rrMn4j6FB4np7Z0OhdTgjx6MgQLK7jwSy1YecU1+4Asg==",
      "engines": {
        "node": ">=10.0.0"
      },
      "peerDependencies": {
        "bufferutil": "^4.0.1",
        "utf-8-validate": "^5.0.2"
      },
      "peerDependenciesMeta": {
        "bufferutil": {
          "optional": true
        },
        "utf-8-validate": {
          "optional": true
        }
      }
    },
    "node_modules/xmlhttprequest-ssl": {
      "version": "2.0.0",
      "resolved": "https://registry.npmjs.org/xmlhttprequest-ssl/-/xmlhttprequest-ssl-2.0.0.tgz",
      "integrity": "sha512-QKxVRxiRACQcVuQEYFsI1hhkrMlrXHPegbbd1yn9UHOmRxY+si12nQYzri3vbzt8VdTTRviqcKxcyllFas5z2A==",
      "engines": {
        "node": ">=0.4.0"
      }
    }
  }
}
